
Microsoft Visual Studio Solution File, Format Version 12.00
# Visual Studio Version 16
VisualStudioVersion = 16.0.32228.343
MinimumVisualStudioVersion = 10.0.40219.1
Project("{FAE04EC0-301F-11D3-BF4B-00C04F79EFBC}") = "SisAdministracionGimnasio.WebApi", "SisAdministracionGimnasio.WebApi\SisAdministracionGimnasio.WebApi.csproj", "{DB6B93D0-EF3A-4808-A39C-426B09B649CD}"
EndProject
Project("{FAE04EC0-301F-11D3-BF4B-00C04F79EFBC}") = "Dominio", "..\..\Dominio\Dominio\Dominio.csproj", "{00F64C90-2695-4F29-B38B-33AA54A8236D}"
EndProject
Global
	GlobalSection(SolutionConfigurationPlatforms) = preSolution
		Debug|Any CPU = Debug|Any CPU
		Release|Any CPU = Release|Any CPU
	EndGlobalSection
	GlobalSection(ProjectConfigurationPlatforms) = postSolution
		{DB6B93D0-EF3A-4808-A39C-426B09B649CD}.Debug|Any CPU.ActiveCfg = Debug|Any CPU
		{DB6B93D0-EF3A-4808-A39C-426B09B649CD}.Debug|Any CPU.Build.0 = Debug|Any CPU
		{DB6B93D0-EF3A-4808-A39C-426B09B649CD}.Release|Any CPU.ActiveCfg = Release|Any CPU
		{DB6B93D0-EF3A-4808-A39C-426B09B649CD}.Release|Any CPU.Build.0 = Release|Any CPU
		{00F64C90-2695-4F29-B38B-33AA54A8236D}.Debug|Any CPU.ActiveCfg = Debug|Any CPU
		{00F64C90-2695-4F29-B38B-33AA54A8236D}.Debug|Any CPU.Build.0 = Debug|Any CPU
		{00F64C90-2695-4F29-B38B-33AA54A8236D}.Release|Any CPU.ActiveCfg = Release|Any CPU
		{00F64C90-2695-4F29-B38B-33AA54A8236D}.Release|Any CPU.Build.0 = Release|Any CPU
	EndGlobalSection
	GlobalSection(SolutionProperties) = preSolution
		HideSolutionNode = FALSE
	EndGlobalSection
	GlobalSection(ExtensibilityGlobals) = postSolution
		SolutionGuid = {E5426B3D-A832-40BE-B668-5D72BAD87812}
	EndGlobalSection
EndGlobal
